<?xml version="1.0" encoding="utf-8"?>
<Project ToolsVersion="4.0" xmlns="http://schemas.microsoft.com/developer/msbuild/2003">
  <ItemGroup>
    <Filter Include="Source Files">
      <UniqueIdentifier>{4FC737F1-C7A5-4376-A066-2A32D752A2FF}</UniqueIdentifier>
      <Extensions>cpp;c;cc;cxx;def;odl;idl;hpj;bat;asm;asmx</Extensions>
    </Filter>
    <Filter Include="Resource Files">
      <UniqueIdentifier>{67DA6AB6-F800-4c08-8B7A-83BB121AAD01}</UniqueIdentifier>
      <Extensions>rc;ico;cur;bmp;dlg;rc2;rct;bin;rgs;gif;jpg;jpeg;jpe;resx;tiff;tif;png;wav;mfcribbon-ms</Extensions>
    </Filter>
    <Filter Include="HLSL">
      <UniqueIdentifier>{26774f3f-a03e-4f83-9f4c-7164cccca514}</UniqueIdentifier>
    </Filter>
    <Filter Include="Imgui">
      <UniqueIdentifier>{186851fc-d34f-4cc2-8b98-48bef49025e6}</UniqueIdentifier>
    </Filter>
    <Filter Include="HLSL\Bruneton17">
      <UniqueIdentifier>{1cc417d4-8cc0-45d9-b37b-e47fe363995c}</UniqueIdentifier>
    </Filter>
  </ItemGroup>
  <ItemGroup>
    <ClCompile Include="Game.cpp">
      <Filter>Source Files</Filter>
    </ClCompile>
    <ClCompile Include="WinMain.cpp">
      <Filter>Source Files</Filter>
    </ClCompile>
    <ClCompile Include="..\imgui\imgui_demo.cpp">
      <Filter>Imgui</Filter>
    </ClCompile>
    <ClCompile Include="..\imgui\imgui_draw.cpp">
      <Filter>Imgui</Filter>
    </ClCompile>
    <ClCompile Include="..\imgui\imgui.cpp">
      <Filter>Imgui</Filter>
    </ClCompile>
    <ClCompile Include="..\imgui\examples\imgui_impl_dx11.cpp">
      <Filter>Imgui</Filter>
    </ClCompile>
    <ClCompile Include="..\imgui\examples\imgui_impl_win32.cpp">
      <Filter>Imgui</Filter>
    </ClCompile>
    <ClCompile Include="..\imgui\imgui_widgets.cpp">
      <Filter>Imgui</Filter>
    </ClCompile>
    <ClCompile Include="SkyAtmosphereCommon.cpp">
      <Filter>Source Files</Filter>
    </ClCompile>
    <ClCompile Include="RenderWithLuts.cpp">
      <Filter>Source Files</Filter>
    </ClCompile>
    <ClCompile Include="GpuDebugRenderer.cpp">
      <Filter>Source Files</Filter>
    </ClCompile>
    <ClCompile Include="RenderTerrain.cpp">
      <Filter>Source Files</Filter>
    </ClCompile>
    <ClCompile Include="DataRecord.cpp">
      <Filter>Source Files</Filter>
    </ClCompile>
    <ClCompile Include="RenderSky.cpp">
      <Filter>Source Files</Filter>
    </ClCompile>
  </ItemGroup>
  <ItemGroup>
    <ClInclude Include="Game.h">
      <Filter>Source Files</Filter>
    </ClInclude>
    <ClInclude Include="..\imgui\imgui_internal.h">
      <Filter>Imgui</Filter>
    </ClInclude>
    <ClInclude Include="..\imgui\stb_rect_pack.h">
      <Filter>Imgui</Filter>
    </ClInclude>
    <ClInclude Include="..\imgui\stb_textedit.h">
      <Filter>Imgui</Filter>
    </ClInclude>
    <ClInclude Include="..\imgui\stb_truetype.h">
      <Filter>Imgui</Filter>
    </ClInclude>
    <ClInclude Include="..\imgui\imconfig.h">
      <Filter>Imgui</Filter>
    </ClInclude>
    <ClInclude Include="..\imgui\imgui.h">
      <Filter>Imgui</Filter>
    </ClInclude>
    <ClInclude Include="..\imgui\examples\imgui_impl_dx11.h">
      <Filter>Imgui</Filter>
    </ClInclude>
    <ClInclude Include="..\imgui\examples\imgui_impl_win32.h">
      <Filter>Imgui</Filter>
    </ClInclude>
    <ClInclude Include="SkyAtmosphereCommon.h">
      <Filter>Source Files</Filter>
    </ClInclude>
    <ClInclude Include="GpuDebugRenderer.h">
      <Filter>Source Files</Filter>
    </ClInclude>
  </ItemGroup>
  <ItemGroup>
    <FxCompile Include="..\Resources\Common.hlsl">
      <Filter>HLSL</Filter>
    </FxCompile>
    <FxCompile Include="..\Resources\PostProcess.hlsl">
      <Filter>HLSL</Filter>
    </FxCompile>
    <FxCompile Include="..\Resources\ColoredTriangles.hlsl">
      <Filter>HLSL</Filter>
    </FxCompile>
    <FxCompile Include="..\Resources\ToyShader.hlsl">
      <Filter>HLSL</Filter>
    </FxCompile>
    <FxCompile Include="..\Resources\SkyAtmosphereCommon.hlsl">
      <Filter>HLSL</Filter>
    </FxCompile>
    <FxCompile Include="..\Resources\RenderWithLuts.hlsl">
      <Filter>HLSL</Filter>
    </FxCompile>
    <FxCompile Include="..\Resources\GpuDebugPrimitives.hlsl">
      <Filter>HLSL</Filter>
    </FxCompile>
    <FxCompile Include="..\Resources\Terrain.hlsl">
      <Filter>HLSL</Filter>
    </FxCompile>
    <FxCompile Include="..\Resources\SkyAtmosphereBruneton.hlsl">
      <Filter>HLSL\Bruneton17</Filter>
    </FxCompile>
    <FxCompile Include="..\Resources\SkyAtmosphereDirectIrradianceLut.hlsl">
      <Filter>HLSL\Bruneton17</Filter>
    </FxCompile>
    <FxCompile Include="..\Resources\SkyAtmosphereIndirectIrradiance.hlsl">
      <Filter>HLSL\Bruneton17</Filter>
    </FxCompile>
    <FxCompile Include="..\Resources\SkyAtmosphereMultipleScattering.hlsl">
      <Filter>HLSL\Bruneton17</Filter>
    </FxCompile>
    <FxCompile Include="..\Resources\SkyAtmosphereScatteringDensity.hlsl">
      <Filter>HLSL\Bruneton17</Filter>
    </FxCompile>
    <FxCompile Include="..\Resources\SkyAtmosphereSingleScatteringLut.hlsl">
      <Filter>HLSL\Bruneton17</Filter>
    </FxCompile>
    <FxCompile Include="..\Resources\SkyAtmosphereTransmittanceLut.hlsl">
      <Filter>HLSL\Bruneton17</Filter>
    </FxCompile>
    <FxCompile Include="..\Resources\RenderSkyRayMarching.hlsl">
      <Filter>HLSL</Filter>
    </FxCompile>
    <FxCompile Include="..\Resources\RenderSkyCommon.hlsl">
      <Filter>HLSL</Filter>
    </FxCompile>
    <FxCompile Include="..\Resources\RenderSkyPathTracing.hlsl">
      <Filter>HLSL</Filter>
    </FxCompile>
  </ItemGroup>
  <ItemGroup>
    <None Include="..\Resources\Bruneton17\definitions.glsl">
      <Filter>HLSL\Bruneton17</Filter>
    </None>
    <None Include="..\Resources\Bruneton17\functions.glsl">
      <Filter>HLSL\Bruneton17</Filter>
    </None>
  </ItemGroup>
</Project>